
Microsoft Visual Studio Solution File, Format Version 12.00
# Visual Studio Version 17
VisualStudioVersion = 17.2.32516.85
MinimumVisualStudioVersion = 10.0.40219.1
Project("{FAE04EC0-301F-11D3-BF4B-00C04F79EFBC}") = "WeatherApp", "WeatherApp.csproj", "{667080A5-72AC-4EF0-BACF-2B0446E85BA0}"
EndProject
Global
	GlobalSection(SolutionConfigurationPlatforms) = preSolution
		Debug|Any CPU = Debug|Any CPU
		Release|Any CPU = Release|Any CPU
	EndGlobalSection
	GlobalSection(ProjectConfigurationPlatforms) = postSolution
		{667080A5-72AC-4EF0-BACF-2B0446E85BA0}.Debug|Any CPU.ActiveCfg = Debug|Any CPU
		{667080A5-72AC-4EF0-BACF-2B0446E85BA0}.Debug|Any CPU.Build.0 = Debug|Any CPU
		{667080A5-72AC-4EF0-BACF-2B0446E85BA0}.Release|Any CPU.ActiveCfg = Release|Any CPU
		{667080A5-72AC-4EF0-BACF-2B0446E85BA0}.Release|Any CPU.Build.0 = Release|Any CPU
	EndGlobalSection
	GlobalSection(SolutionProperties) = preSolution
		HideSolutionNode = FALSE
	EndGlobalSection
	GlobalSection(ExtensibilityGlobals) = postSolution
		SolutionGuid = {2A72D83D-A7AF-4D17-BC84-92886E37009C}
	EndGlobalSection
EndGlobal
