
Microsoft Visual Studio Solution File, Format Version 12.00
# Visual Studio Version 17
VisualStudioVersion = 17.2.32526.322
MinimumVisualStudioVersion = 10.0.40219.1
Project("{9A19103F-16F7-4668-BE54-9A1E7A4F7556}") = "ConvertNum", "ConvertNum.csproj", "{73D8027A-CF2C-4A5B-9A01-A6B70D292699}"
EndProject
Global
	GlobalSection(SolutionConfigurationPlatforms) = preSolution
		Debug|Any CPU = Debug|Any CPU
		Release|Any CPU = Release|Any CPU
	EndGlobalSection
	GlobalSection(ProjectConfigurationPlatforms) = postSolution
		{73D8027A-CF2C-4A5B-9A01-A6B70D292699}.Debug|Any CPU.ActiveCfg = Debug|Any CPU
		{73D8027A-CF2C-4A5B-9A01-A6B70D292699}.Debug|Any CPU.Build.0 = Debug|Any CPU
		{73D8027A-CF2C-4A5B-9A01-A6B70D292699}.Release|Any CPU.ActiveCfg = Release|Any CPU
		{73D8027A-CF2C-4A5B-9A01-A6B70D292699}.Release|Any CPU.Build.0 = Release|Any CPU
	EndGlobalSection
	GlobalSection(SolutionProperties) = preSolution
		HideSolutionNode = FALSE
	EndGlobalSection
	GlobalSection(ExtensibilityGlobals) = postSolution
		SolutionGuid = {6BCB534F-F1A7-4008-88DC-797F3CC1BF6C}
	EndGlobalSection
EndGlobal
